
Microsoft Visual Studio Solution File, Format Version 12.00
# Visual Studio Version 17
VisualStudioVersion = 17.1.32328.378
MinimumVisualStudioVersion = 10.0.40219.1
Project("{9A19103F-16F7-4668-BE54-9A1E7A4F7556}") = "PokeStats.Lib", "PokeStats.Lib\PokeStats.Lib.csproj", "{300C4166-92EC-4D5F-9731-6B49309294FA}"
EndProject
Project("{9A19103F-16F7-4668-BE54-9A1E7A4F7556}") = "PokeStats.Cli", "PokeStats.Cli\PokeStats.Cli.csproj", "{8C5A883A-082E-455D-A5AF-D398E320A9CE}"
EndProject
Global
	GlobalSection(SolutionConfigurationPlatforms) = preSolution
		Debug|Any CPU = Debug|Any CPU
		Release|Any CPU = Release|Any CPU
	EndGlobalSection
	GlobalSection(ProjectConfigurationPlatforms) = postSolution
		{300C4166-92EC-4D5F-9731-6B49309294FA}.Debug|Any CPU.ActiveCfg = Debug|Any CPU
		{300C4166-92EC-4D5F-9731-6B49309294FA}.Debug|Any CPU.Build.0 = Debug|Any CPU
		{300C4166-92EC-4D5F-9731-6B49309294FA}.Release|Any CPU.ActiveCfg = Release|Any CPU
		{300C4166-92EC-4D5F-9731-6B49309294FA}.Release|Any CPU.Build.0 = Release|Any CPU
		{8C5A883A-082E-455D-A5AF-D398E320A9CE}.Debug|Any CPU.ActiveCfg = Debug|Any CPU
		{8C5A883A-082E-455D-A5AF-D398E320A9CE}.Debug|Any CPU.Build.0 = Debug|Any CPU
		{8C5A883A-082E-455D-A5AF-D398E320A9CE}.Release|Any CPU.ActiveCfg = Release|Any CPU
		{8C5A883A-082E-455D-A5AF-D398E320A9CE}.Release|Any CPU.Build.0 = Release|Any CPU
	EndGlobalSection
	GlobalSection(SolutionProperties) = preSolution
		HideSolutionNode = FALSE
	EndGlobalSection
	GlobalSection(ExtensibilityGlobals) = postSolution
		SolutionGuid = {362F4104-2645-439B-9BBC-4C720C691F96}
	EndGlobalSection
EndGlobal
